
Microsoft Visual Studio Solution File, Format Version 12.00
# Visual Studio Version 16
VisualStudioVersion = 16.0.31205.134
MinimumVisualStudioVersion = 10.0.40219.1
Project("{FAE04EC0-301F-11D3-BF4B-00C04F79EFBC}") = "Project_MuhammadDefriansyah", "Project_MuhammadDefriansyah\Project_MuhammadDefriansyah.csproj", "{34687B9D-68A9-43D4-9986-C8B7AFA8FCA5}"
EndProject
Global
	GlobalSection(SolutionConfigurationPlatforms) = preSolution
		Debug|Any CPU = Debug|Any CPU
		Release|Any CPU = Release|Any CPU
	EndGlobalSection
	GlobalSection(ProjectConfigurationPlatforms) = postSolution
		{34687B9D-68A9-43D4-9986-C8B7AFA8FCA5}.Debug|Any CPU.ActiveCfg = Debug|Any CPU
		{34687B9D-68A9-43D4-9986-C8B7AFA8FCA5}.Debug|Any CPU.Build.0 = Debug|Any CPU
		{34687B9D-68A9-43D4-9986-C8B7AFA8FCA5}.Release|Any CPU.ActiveCfg = Release|Any CPU
		{34687B9D-68A9-43D4-9986-C8B7AFA8FCA5}.Release|Any CPU.Build.0 = Release|Any CPU
	EndGlobalSection
	GlobalSection(SolutionProperties) = preSolution
		HideSolutionNode = FALSE
	EndGlobalSection
	GlobalSection(ExtensibilityGlobals) = postSolution
		SolutionGuid = {4D2F2F17-D786-4648-BE66-075C846775F2}
	EndGlobalSection
EndGlobal
